
Microsoft Visual Studio Solution File, Format Version 12.00
# Visual Studio 15
VisualStudioVersion = 15.0.28010.2048
MinimumVisualStudioVersion = 10.0.40219.1
Project("{FAE04EC0-301F-11D3-BF4B-00C04F79EFBC}") = "Compression", "Compression\Compression.csproj", "{069534D3-7FC2-46F4-BB7B-62AAEB397900}"
EndProject
Global
	GlobalSection(SolutionConfigurationPlatforms) = preSolution
		Debug|Any CPU = Debug|Any CPU
		Release|Any CPU = Release|Any CPU
	EndGlobalSection
	GlobalSection(ProjectConfigurationPlatforms) = postSolution
		{069534D3-7FC2-46F4-BB7B-62AAEB397900}.Debug|Any CPU.ActiveCfg = Debug|Any CPU
		{069534D3-7FC2-46F4-BB7B-62AAEB397900}.Debug|Any CPU.Build.0 = Debug|Any CPU
		{069534D3-7FC2-46F4-BB7B-62AAEB397900}.Release|Any CPU.ActiveCfg = Release|Any CPU
		{069534D3-7FC2-46F4-BB7B-62AAEB397900}.Release|Any CPU.Build.0 = Release|Any CPU
	EndGlobalSection
	GlobalSection(SolutionProperties) = preSolution
		HideSolutionNode = FALSE
	EndGlobalSection
	GlobalSection(ExtensibilityGlobals) = postSolution
		SolutionGuid = {9A95E180-1983-4955-89E9-F8C1B8EBB437}
	EndGlobalSection
EndGlobal
